
Microsoft Visual Studio Solution File, Format Version 12.00
# Visual Studio Version 17
VisualStudioVersion = 17.7.34018.315
MinimumVisualStudioVersion = 10.0.40219.1
Project("{FAE04EC0-301F-11D3-BF4B-00C04F79EFBC}") = "Ticket", "Ticket.csproj", "{7E76F70A-9A4E-490E-AC78-3BB322D16215}"
EndProject
Global
	GlobalSection(SolutionConfigurationPlatforms) = preSolution
		Debug|Any CPU = Debug|Any CPU
		Release|Any CPU = Release|Any CPU
	EndGlobalSection
	GlobalSection(ProjectConfigurationPlatforms) = postSolution
		{7E76F70A-9A4E-490E-AC78-3BB322D16215}.Debug|Any CPU.ActiveCfg = Debug|Any CPU
		{7E76F70A-9A4E-490E-AC78-3BB322D16215}.Debug|Any CPU.Build.0 = Debug|Any CPU
		{7E76F70A-9A4E-490E-AC78-3BB322D16215}.Release|Any CPU.ActiveCfg = Release|Any CPU
		{7E76F70A-9A4E-490E-AC78-3BB322D16215}.Release|Any CPU.Build.0 = Release|Any CPU
	EndGlobalSection
	GlobalSection(SolutionProperties) = preSolution
		HideSolutionNode = FALSE
	EndGlobalSection
	GlobalSection(ExtensibilityGlobals) = postSolution
		SolutionGuid = {928C27BB-DCAD-48C2-A8EC-CFA756251E3C}
	EndGlobalSection
EndGlobal
